
Microsoft Visual Studio Solution File, Format Version 12.00
# Visual Studio Version 17
VisualStudioVersion = 17.8.34330.188
MinimumVisualStudioVersion = 10.0.40219.1
Project("{FAE04EC0-301F-11D3-BF4B-00C04F79EFBC}") = "WebApplication1", "WebApplication1.csproj", "{D7D87EC0-DBFC-4E15-B503-CB4F7C25A998}"
EndProject
Global
	GlobalSection(SolutionConfigurationPlatforms) = preSolution
		Debug|Any CPU = Debug|Any CPU
		Release|Any CPU = Release|Any CPU
	EndGlobalSection
	GlobalSection(ProjectConfigurationPlatforms) = postSolution
		{D7D87EC0-DBFC-4E15-B503-CB4F7C25A998}.Debug|Any CPU.ActiveCfg = Debug|Any CPU
		{D7D87EC0-DBFC-4E15-B503-CB4F7C25A998}.Debug|Any CPU.Build.0 = Debug|Any CPU
		{D7D87EC0-DBFC-4E15-B503-CB4F7C25A998}.Release|Any CPU.ActiveCfg = Release|Any CPU
		{D7D87EC0-DBFC-4E15-B503-CB4F7C25A998}.Release|Any CPU.Build.0 = Release|Any CPU
	EndGlobalSection
	GlobalSection(SolutionProperties) = preSolution
		HideSolutionNode = FALSE
	EndGlobalSection
	GlobalSection(ExtensibilityGlobals) = postSolution
		SolutionGuid = {84EEDD1E-B049-4AE4-BF08-00E21022A2C9}
	EndGlobalSection
EndGlobal
